github.com/AllenDang/cimgui-go v0.0.0-20230817181741-d3d2889eca19 h1:19Ob4JdjMYIM98l+48+tGxpkxZvCKJ/sEs+z7rYeCoQ=
github.com/AllenDang/cimgui-go v0.0.0-20230817181741-d3d2889eca19/go.mod h1:VrE6O7ceAvwCHDF9NWn/AnasJHVMt4+dfYq7gm9nCb4=
github.com/AllenDang/cimgui-go v0.0.0-20231124093108-2be2c77051cf h1:M3+rUIohzaPxWbBdlzQ0aeNSM+E2VV1fFq50EyVfulg=
github.com/AllenDang/cimgui-go v0.0.0-20231124093108-2be2c77051cf/go.mod h1:UH0IZCbsJKA1hAVQQU6AIDfamqTk0/d3VucaN8lp1Gs=
github.com/BurntSushi/toml v0.3.1/go.mod h1:xHWCNGjB5oqiDr8zfno3MHue2Ht5sIBksp03qcyfWMU=
github.com/andybalholm/brotli v1.0.4/go.mod h1:fO7iG3H7G2nSZ7m0zPUDn85XEX2GTukHGRSepvi9Eig=
github.com/andybalholm/cascadia v1.3.1/go.mod h1:R4bJ1UQfqADjvDa4P6HZHLh/3OxWWEqc0Sk8XGwHqvA=
github.com/askeladdk/aseprite v0.0.3 h1:8bNh/XeOTaDmQSI4C1YA+Kqq8PElXtya7aIsC8MNz+w=
github.com/askeladdk/aseprite v0.0.3/go.mod h1:lVW4EwZ7lgQjeHp7MhYj1NII5a/yLYyvAo7COPIn3WY=
github.com/blezek/tga v0.0.0-20150626111426-80720cbc1017 h1:TWk6m6k3qegbUZsdsHk/ix22ANqPgLau40bPwiNQN40=
github.com/blezek/tga v0.0.0-20150626111426-80720cbc1017/go.mod h1:WnX8JiQN+UtyUPq/1EIUaB2WVX3wdAmOBH5K52NyOO0=
github.com/bodgit/megasd v0.0.0-20200702170038-afc20ba65dc3 h1:lHZwKpae+uNaq/cdDcHouYfUUSm+J9M+O+i7NbTSvBU=
github.com/bodgit/megasd v0.0.0-20200702170038-afc20ba65dc3/go.mod h1:S68t0jRtMN8UMz8cQRx7hYVMt7k8KdiA8Elc2keT9LE=
github.com/chai2010/webp v1.1.1 h1:jTRmEccAJ4MGrhFOrPMpNGIJ/eybIgwKpcACsrTEapk=
github.com/chai2010/webp v1.1.1/go.mod h1:0XVwvZWdjjdxpUEIf7b9g9VkHFnInUSYujwqTLEuldU=
github.com/codegangsta/cli v0.0.0-20170128213959-347a9884a873/go.mod h1:/qJNoX69yVSKu5o4jLyXAENLRyk1uhi7zkbQ3slBdOA=
github.com/cpuguy83/go-md2man/v2 v2.0.0-20190314233015-f79a8a8ca69d/go.mod h1:maD7wRr/U5Z6m/iR4s+kqSMx2CaBsrgA7czyZG/E6dU=
github.com/cpuguy83/go-md2man/v2 v2.0.0/go.mod h1:maD7wRr/U5Z6m/iR4s+kqSMx2CaBsrgA7czyZG/E6dU=
github.com/davecgh/go-spew v1.1.0/go.mod h1:J7Y8YcW2NihsgmVo/mv3lAwl/skON4iLHjSsI+c5H38=
github.com/davecgh/go-spew v1.1.1/go.mod h1:J7Y8YcW2NihsgmVo/mv3lAwl/skON4iLHjSsI+c5H38=
github.com/disintegration/imaging v0.0.0-20160228073435-d8bbae1de109/go.mod h1:9B/deIUIrliYkyMTuXJd6OUFLcrZ2tf+3Qlwnaf/CjU=
github.com/ericpauley/go-quantize v0.0.0-20190607171302-1dcfb69dcdab/go.mod h1:H7chHJglrhPPzetLdzBleF8d22WYOv7UM/lEKYiwlKM=
github.com/ericpauley/go-quantize v0.0.0-20200331213906-ae555eb2afa4 h1:BBade+JlV/f7JstZ4pitd4tHhpN+w+6I+LyOS7B4fyU=
github.com/ericpauley/go-quantize v0.0.0-20200331213906-ae555eb2afa4/go.mod h1:H7chHJglrhPPzetLdzBleF8d22WYOv7UM/lEKYiwlKM=
github.com/ftrvxmtrx/tga v0.0.0-20150524081124-bd8e8d5be13a h1:eSqaRmdlZ9JsJ7JuWfDr3ym3monToXRczohBOL+heVQ=
github.com/ftrvxmtrx/tga v0.0.0-20150524081124-bd8e8d5be13a/go.mod h1:US5WvgEHtG+BvWNNs6gk937h0QL2g2x+r7RH8m3g80Y=
github.com/gin-contrib/sse v0.1.0/go.mod h1:RHrZQHXnP2xjPF+u1gW/2HnVO7nvIa9PG3Gm+fLHvGI=
github.com/gin-gonic/gin v1.6.3/go.mod h1:75u5sXoLsGZoRN5Sgbi1eraJ4GU3++wFwWzhwvtwp4M=
github.com/go-gl/gl v0.0.0-20180407155706-68e253793080/go.mod h1:482civXOzJJCPzJ4ZOX/pwvXBWSnzD4OKMdH4ClKGbk=
github.com/go-gl/glfw v0.0.0-20180426074136-46a8d530c326/go.mod h1:vR7hzQXu2zJy9AVAgeJqvqgH9Q5CA+iKCZ2gyEVpxRU=
github.com/go-playground/assert/v2 v2.0.1/go.mod h1:VDjEfimB/XKnb+ZQfWdccd7VUvScMdVu0Titje2rxJ4=
github.com/go-playground/locales v0.13.0/go.mod h1:taPMhCMXrRLJO55olJkUXHZBHCxTMfnGwq/HNwmWNS8=
github.com/go-playground/universal-translator v0.17.0/go.mod h1:UkSxE5sNxxRwHyU+Scu5vgOQjsIJAF8j9muTVoKLVtA=
github.com/go-playground/validator/v10 v10.2.0/go.mod h1:uOYAAleCW8F/7oMFd6aG0GOhaH6EGOAJShg8Id5JGkI=
github.com/gobwas/httphead v0.0.0-20180130184737-2c6c146eadee/go.mod h1:L0fX3K22YWvt/FAX9NnzrNzcI4wNYi9Yku4O0LKYflo=
github.com/gobwas/pool v0.2.0/go.mod h1:q8bcK0KcYlCgd9e7WYLm9LpyS+YeLd8JVDW6WezmKEw=
github.com/gobwas/ws v1.0.2/go.mod h1:szmBTxLgaFppYjEmNtny/v3w89xOydFnnZMcgRRu/EM=
github.com/golang/freetype v0.0.0-20170609003504-e2365dfdc4a0/go.mod h1:E/TSTwGwJL78qG/PmXZO1EjYhfJinVAhrmmHX6Z8B9k=
github.com/golang/protobuf v1.3.2/go.mod h1:6lQm79b+lXiMfvg/cZm0SGofjICqVBUtrP5yJMmIC1U=
github.com/golang/protobuf v1.3.3/go.mod h1:vzj43D7+SQXF/4pzW/hwtAqwc6iTitCiVSaWz5lYuqw=
github.com/golang/protobuf v1.3.5/go.mod h1:6O5/vntMXwX2lRkT1hjjk0nAC1IDOTvTlVgjlRvqsdk=
github.com/google/go-cmp v0.4.0/go.mod h1:v8dTdLbMG2kIc/vJvl+f65V22dbkXbowE6jgT/gNBxE=
github.com/google/gofuzz v1.0.0/go.mod h1:dBl0BpW6vV/+mYPU4Po3pmUjxk6FQPldtuIdl/M65Eg=
github.com/google/uuid v1.3.0/go.mod h1:TIyPZe4MgqvfeYDBFedMoGGpEw/LqOeaOT+nhxU+yHo=
github.com/gopherjs/gopherjs v1.17.2 h1:fQnZVsXk8uxXIStYb0N4bGk7jeyTalG/wsZjQ25dO0g=
github.com/gopherjs/gopherjs v1.17.2/go.mod h1:pRRIvn/QzFLrKfvEz3qUuEhtE/zLCWfreZ6J5gM2i+k=
github.com/gorilla/websocket v1.4.1/go.mod h1:YR8l580nyteQvAITg2hZ9XVh4b55+EU/adAjf1fMHhE=
github.com/graphql-go/graphql v0.8.0/go.mod h1:nKiHzRM0qopJEwCITUuIsxk9PlVlwIiiI8pnJEhordQ=
github.com/hhrutter/lzw v1.0.0 h1:laL89Llp86W3rRs83LvKbwYRx6INE8gDn0XNb1oXtm0=
github.com/hhrutter/lzw v1.0.0/go.mod h1:2HC6DJSn/n6iAZfgM3Pg+cP1KxeWc3ezG8bBqW5+WEo=
github.com/hhrutter/tiff v1.0.1 h1:MIus8caHU5U6823gx7C6jrfoEvfSTGtEFRiM8/LOzC0=
github.com/hhrutter/tiff v1.0.1/go.mod h1:zU/dNgDm0cMIa8y8YwcYBeuEEveI4B0owqHyiPpJPHc=
github.com/jbuchbinder/gopnm v0.0.0-20220507095634-e31f54490ce0 h1:9GwwkVzUn1vRWAQ8GRu7UOaoM+FZGnvw88DsjyiqfXc=
github.com/jbuchbinder/gopnm v0.0.0-20220507095634-e31f54490ce0/go.mod h1:6U0E76+sB1jTuSSXJjePtLd44vExeoYThOWgOoXo3x8=
github.com/json-iterator/go v1.1.9/go.mod h1:KdQUCv79m/52Kvf8AW2vK1V8akMuk1QjK/uOdHXbAo4=
github.com/jung-kurt/gofpdf v1.0.0/go.mod h1:7Id9E/uU8ce6rXgefFLlgrJj/GYY22cpxn+r32jIOes=
github.com/kevin-cantwell/dotmatrix v0.0.0-20190516234139-135e8f4a93cd h1:AvLqGG7jnf8xTpMy8zXIQYcsI7HyWS3Jeaa1S3mnQLY=
github.com/kevin-cantwell/dotmatrix v0.0.0-20190516234139-135e8f4a93cd/go.mod h1:xlphlvevOTBxEn87p9yaw4mirwdOwVazAS2TtV4kSfw=
github.com/klauspost/compress v1.10.3/go.mod h1:aoV0uJVorq1K+umq18yTdKaF57EivdYsUV+/s2qKfXs=
github.com/klauspost/compress v1.15.15/go.mod h1:ZcK2JAFqKOpnBlxcLsJzYfrS9X1akm9fHZNnD9+Vo/4=
github.com/leodido/go-urn v1.2.0/go.mod h1:+8+nEpDfqqsY+g338gtMEUOtuK+4dEMhiQEgxpxOKII=
github.com/leotaku/mobi v0.0.0-20230426193406-3c3105acd3e2 h1:n9dcx9aDpDJHFns7w9H487rkEzVygjCTRyJxvUpx4H4=
github.com/leotaku/mobi v0.0.0-20230426193406-3c3105acd3e2/go.mod h1:TzFZaVbA6vORK/tM81fExl35wboXdUkwHGVUmZf2ljQ=
github.com/leotaku/mobi v0.5.0 h1:amQGGPb0weyjgB7BA7oAeN2yo0dWzxr6QwIgDaNiXlI=
github.com/leotaku/mobi v0.5.0/go.mod h1:n1qdG5Tf5pOuJUb1Vck1Qa9sU25JS1XJgUMDYzPWQ7c=
github.com/llgcode/draw2d v0.0.0-20180825133448-f52c8a71aff0/go.mod h1:mVa0dA29Db2S4LVqDYLlsePDzRJLDfdhVZiI15uY0FA=
github.com/llgcode/ps v0.0.0-20150911083025-f1443b32eedb/go.mod h1:1l8ky+Ew27CMX29uG+a2hNOKpeNYEQjjtiALiBlFQbY=
github.com/lucasb-eyer/go-colorful v1.2.0 h1:1nnpGOrhyZZuNyfu1QjKiUICQ74+3FNCN69Aj6K7nkY=
github.com/lucasb-eyer/go-colorful v1.2.0/go.mod h1:R4dSotOR9KMtayYi1e77YzuveK+i7ruzyGqttikkLy0=
github.com/mat/besticon v3.12.0+incompatible h1:1KTD6wisfjfnX+fk9Kx/6VEZL+MAW1LhCkL9Q47H9Bg=
github.com/mat/besticon v3.12.0+incompatible/go.mod h1:mA1auQYHt6CW5e7L9HJLmqVQC8SzNk2gVwouO0AbiEU=
github.com/mattn/go-isatty v0.0.12/go.mod h1:cbi8OIDigv2wuxKPP5vlRcQ1OAZbq2CE4Kysco4FUpU=
github.com/mattn/go-sqlite3 v1.13.0/go.mod h1:FPy6KqzDD04eiIsT53CuJW3U88zkxoIYsOqkbpncsNc=
github.com/mjibson/go-dsp v0.0.0-20180508042940-11479a337f12/go.mod h1:i/KKcxEWEO8Yyl11DYafRPKOPVYTrhxiTRigjtEEXZU=
github.com/modern-go/concurrent v0.0.0-20180228061459-e0a39a4cb421/go.mod h1:6dJC0mAP4ikYIbvyc7fijjWJddQyLn8Ig3JB5CqoB9Q=
github.com/modern-go/reflect2 v0.0.0-20180701023420-4b7aa43c6742/go.mod h1:bx2lNnkwVCuqBIxFjflWJWanXIb3RllmbCylyMrvgv0=
github.com/mokiat/goexr v0.1.0 h1:zoDvzvIjs/GpkxJDVcCP6GafLp1nOuNDef9JL8KSd2A=
github.com/mokiat/goexr v0.1.0/go.mod h1:KhERYaXCcY2ZEaTg1/LyzJ7pxdj/q3V1TxgViG86ck4=
github.com/nfnt/resize v0.0.0-20160109112512-4d93a29130b1/go.mod h1:jpp1/29i3P1S/RLdc7JQKbRpFeM1dOBd8T9ki5s+AY8=
github.com/nielsAD/gowarcraft3 v1.7.1 h1:t61xYLTBihPKp40WgOEcP1TjMF4vYcV9ZJVXDuqqlPA=
github.com/nielsAD/gowarcraft3 v1.7.1/go.mod h1:i0qPDjSe4Z0uKe0u1OMrfQrZSA0V/aKqhBFxXVMdixE=
github.com/nyaruka/phonenumbers v1.1.5/go.mod h1:yShPJHDSH3aTKzCbXyVxNpbl2kA+F+Ne5Pun/MvFRos=
github.com/onsi/ginkgo v0.0.0-20160722022339-09289bfe14b6 h1:X/rEWJ2sGny1+e++lsEmocn4eXh8nU5DNB5kQ5sCYzE=
github.com/onsi/ginkgo v0.0.0-20160722022339-09289bfe14b6/go.mod h1:lLunBs/Ym6LB5Z9jYTR76FiuTmxDTDusOGeTQH+WWjE=
github.com/onsi/gomega v0.0.0-20160911051023-d59fa0ac68bb h1:myDTJUQm/UVMeOHuw47rGP+3Id5b0s0T7EVl71ZweuI=
github.com/onsi/gomega v0.0.0-20160911051023-d59fa0ac68bb/go.mod h1:C1qb7wdrVGGVU+Z6iS04AVkA3Q65CEZX59MT0QO5uiA=
github.com/oov/psd v0.0.0-20220121172623-5db5eafcecbb h1:JF9kOhBBk4WPF7luXFu5yR+WgaFm9L/KiHJHhU9vDwA=
github.com/oov/psd v0.0.0-20220121172623-5db5eafcecbb/go.mod h1:GHI1bnmAcbp96z6LNfBJvtrjxhaXGkbsk967utPlvL8=
github.com/peterhellberg/gfx v0.0.0-20191011152831-b91a0de61948/go.mod h1:itlt/V2ABb7sDu42VXQHXmQ4KOdrEbFZDVIaHsRcwak=
github.com/peterhellberg/gfx v0.0.0-20230526095554-e6202e653d52 h1:8r7qtzchwpcnDfmP+8+Lpaqd5pJpoBLh28pdsUlLv5Y=
github.com/peterhellberg/gfx v0.0.0-20230526095554-e6202e653d52/go.mod h1:ipo3f7y1+RHNR32fj+4TETou6OF4VXvJBhb9rwncKuw=
github.com/peterhellberg/gfx v0.0.0-20230908181254-9885a9f73abe h1:vUyJ+2edn98NgivqhHWBQIO8u9bbrXb+U09tG0AQYbU=
github.com/peterhellberg/gfx v0.0.0-20230908181254-9885a9f73abe/go.mod h1:ipo3f7y1+RHNR32fj+4TETou6OF4VXvJBhb9rwncKuw=
github.com/pmezard/go-difflib v1.0.0/go.mod h1:iKH77koFhYxTK1pcRnkKkqfTogsbg7gZNVY4sRDYZ/4=
github.com/russross/blackfriday/v2 v2.0.1/go.mod h1:+Rmxgy9KzJVeS9/2gXHxylqXiyQDYRxCVz55jmeOWTM=
github.com/samuel/go-pcx v0.0.0-20210515040514-6a5ce4d132f7 h1:WhAiClm3vGzSl2EWdFsCFBEu2jEhHGa8qGsz4iIEpRc=
github.com/samuel/go-pcx v0.0.0-20210515040514-6a5ce4d132f7/go.mod h1:8ofl4LzpDayZKQZYbUyCDW41Y6lgVoO02ABp57OASxY=
github.com/shurcooL/sanitized_anchor_name v1.0.0/go.mod h1:1NzhyTcUVG4SuEtjjoZeVRXNmyL/1OwPU0+IJeTBvfc=
github.com/skip2/go-qrcode v0.0.0-20200617195104-da1b6568686e/go.mod h1:XV66xRDqSt+GTGFMVlhk3ULuV0y9ZmzeVGR4mloJI3M=
github.com/stretchr/objx v0.1.0/go.mod h1:HFkY916IF+rwdDfMAkV7OtwuqBVzrE8GR6GFx+wExME=
github.com/stretchr/testify v1.3.0/go.mod h1:M5WIy9Dh21IEIfnGCwXGc5bZfKNJtfHm1UVUgZn+9EI=
github.com/stretchr/testify v1.4.0/go.mod h1:j7eGeouHqKxXV5pUuKE4zz7dFj8WfuZ+81PSLYec5m4=
github.com/stretchr/testify v1.6.1/go.mod h1:6Fq8oRcR53rry900zMqJjRRixrwX3KX962/h/Wwjteg=
github.com/stretchr/testify v1.7.1/go.mod h1:6Fq8oRcR53rry900zMqJjRRixrwX3KX962/h/Wwjteg=
github.com/tomnomnom/linkheader v0.0.0-20180905144013-02ca5825eb80/go.mod h1:iFyPdL66DjUD96XmzVL3ZntbzcflLnznH0fr99w5VqE=
github.com/ugorji/go v1.1.7/go.mod h1:kZn38zHttfInRq0xu/PH0az30d+z6vm202qpg1oXVMw=
github.com/ugorji/go/codec v1.1.7/go.mod h1:Ax+UKWsSmolVDwsd+7N3ZtXu+yMGCf907BLYF3GoBXY=
github.com/urfave/cli/v2 v2.0.0/go.mod h1:SE9GqnLQmjVa0iPEY0f1w3ygNIYcIJ0OKPMoW2caLfQ=
github.com/vchimishuk/chub v0.0.0-20190501162134-36f1f5f7c9ef/go.mod h1:28Qi8YBLQu3Fb3xKnGR9ou2d/PfFz3ptpbZdtsCM++4=
github.com/vmihailenco/msgpack/v5 v5.3.5/go.mod h1:7xyJ9e+0+9SaZT0Wt1RGleJXzli6Q/V5KbhBonMG9jc=
github.com/vmihailenco/tagparser/v2 v2.0.0/go.mod h1:Wri+At7QHww0WTrCBeu4J6bNtoV6mEfg5OIWRZA9qds=
github.com/x448/float16 v0.8.4 h1:qLwI1I70+NjRFUR3zs1JPUCgaCXSh3SW62uAKT1mSBM=
github.com/x448/float16 v0.8.4/go.mod h1:14CWIYCyZA/cWjXOioeEpHeN/83MdbZDRQHoFcYsOfg=
github.com/xyproto/burnpal v0.0.0-20191014130824-80030bc13096/go.mod h1:j3S/tDDOEkIChz0sWDqO3zXOgIjz/6nhuc+JrmZNLnA=
github.com/xyproto/burnpal v0.0.0-20191014132200-bd9858647795 h1:AoL5T5pFgiCn/4feC2ZfAE+7altlWK2KwBntHHAgDpE=
github.com/xyproto/burnpal v0.0.0-20191014132200-bd9858647795/go.mod h1:j3S/tDDOEkIChz0sWDqO3zXOgIjz/6nhuc+JrmZNLnA=
github.com/xyproto/palgen v1.2.0/go.mod h1:s2fi72RJ3zv3GMbHP1eC+9CJBf8BNo7lpakWdOjd4U0=
github.com/xyproto/palgen v1.5.0 h1:JIU39lMxk2Nad1V5hrCUmH8b15R9EdwNTsAzkiII0vU=
github.com/xyproto/palgen v1.5.0/go.mod h1:IN7HA45EecW7BTEzkJzaSZljyQdjzNp5kdUQ4gpu0T8=
github.com/xyproto/xpm v1.3.0 h1:x2PfSz7eCBqIt9sw8X0G4tZyp4My7/0XErd2NMT9jKo=
github.com/xyproto/xpm v1.3.0/go.mod h1:3WnRP6D+0X0IRuHIds0TWfyYlnxdQk4anoLROtw0d2g=
github.com/yuin/goldmark v1.4.13/go.mod h1:6yULJ656Px+3vBD8DxQVa3kxgyrAnzto9xy5taEt/CY=
golang.org/x/crypto v0.0.0-20170516161655-0fe963104e9d/go.mod h1:6SG95UA2DQfeDnfUPMdvaQW0Q7yPrPDi9nlGo2tz2b4=
golang.org/x/crypto v0.0.0-20190308221718-c2843e01d9a2/go.mod h1:djNgcEr1/C05ACkg1iLfiJU5Ep61QUkGW8qpdssI0+w=
golang.org/x/crypto v0.0.0-20210921155107-089bfa567519/go.mod h1:GvvjBRRGRdwPK5ydBHafDWAxML/pGHZbMvKqRZ5+Abc=
golang.org/x/image v0.0.0-20180708004352-c73c2afc3b81/go.mod h1:ux5Hcp/YLpHSI86hEcLt0YII63i6oz57MZXIpbrjZUs=
golang.org/x/image v0.0.0-20211028202545-6944b10bf410/go.mod h1:023OzeP/+EPmXeapQh35lcL3II3LrY8Ic+EFFKVhULM=
golang.org/x/image v0.3.0/go.mod h1:fXd9211C/0VTlYuAcOhW8dY/RtEJqODXOWBDpmYBf+A=
golang.org/x/image v0.11.0 h1:ds2RoQvBvYTiJkwpSFDwCcDFNX7DqjL2WsUgTNk0Ooo=
golang.org/x/image v0.11.0/go.mod h1:bglhjqbqVuEb9e9+eNR45Jfu7D+T4Qan+NhQk8Ck2P8=
golang.org/x/image v0.14.0 h1:tNgSxAFe3jC4uYqvZdTr84SZoM1KfwdC9SKIFrLjFn4=
golang.org/x/image v0.14.0/go.mod h1:HUYqC05R2ZcZ3ejNQsIHQDQiwWM4JBqmm6MKANTp4LE=
golang.org/x/mod v0.6.0-dev.0.20220419223038-86c51ed26bb4/go.mod h1:jJ57K6gSWd91VN4djpZkiMVwK6gcyfeH4XE8wZrZaV4=
golang.org/x/mod v0.8.0/go.mod h1:iBbtSCu2XBx23ZKBPSOrRkjjQPZFPuis4dIYUhu/chs=
golang.org/x/net v0.0.0-20190620200207-3b0461eec859/go.mod h1:z5CRVTTTmAJ677TzLLGU+0bjPO0LkuOLi4/5GtJWs/s=
golang.org/x/net v0.0.0-20210226172049-e18ecbb05110/go.mod h1:m0MpNAwzfU5UDzcl9v0D8zg8gWTRqZa9RBIspLL5mdg=
golang.org/x/net v0.0.0-20210916014120-12bc252f5db8/go.mod h1:9nx3DQGgdP8bBQD5qxJ1jj9UTztislL4KSBs9R2vV5Y=
golang.org/x/net v0.0.0-20220722155237-a158d28d115b/go.mod h1:XRhObCWvk6IyKnWLug+ECip1KBveYUHfp+8e9klMJ9c=
golang.org/x/net v0.5.0/go.mod h1:DivGGAXEgPSlEBzxGzZI+ZLohi+xUj054jfeKui00ws=
golang.org/x/net v0.6.0/go.mod h1:2Tu9+aMcznHK/AK1HMvgo6xiTLG5rD5rZLDS+rp2Bjs=
golang.org/x/sync v0.0.0-20190423024810-112230192c58/go.mod h1:RxMgew5VJxzue5/jJTE5uejpjVlOe/izrB70Jof72aM=
golang.org/x/sync v0.0.0-20220722155255-886fb9371eb4/go.mod h1:RxMgew5VJxzue5/jJTE5uejpjVlOe/izrB70Jof72aM=
golang.org/x/sync v0.1.0/go.mod h1:RxMgew5VJxzue5/jJTE5uejpjVlOe/izrB70Jof72aM=
golang.org/x/sys v0.0.0-20161214190518-d75a52659825/go.mod h1:STP8DvDyc/dI5b8T5hshtkjS+E42TnysNCUPdjciGhY=
golang.org/x/sys v0.0.0-20190215142949-d0b11bdaac8a/go.mod h1:STP8DvDyc/dI5b8T5hshtkjS+E42TnysNCUPdjciGhY=
golang.org/x/sys v0.0.0-20200116001909-b77594299b42/go.mod h1:h1NjWce9XRLGQEsW7wpKNCjG9DtNlClVuFLEZdDNbEs=
golang.org/x/sys v0.0.0-20201119102817-f84b799fce68/go.mod h1:h1NjWce9XRLGQEsW7wpKNCjG9DtNlClVuFLEZdDNbEs=
golang.org/x/sys v0.0.0-20210423082822-04245dca01da/go.mod h1:h1NjWce9XRLGQEsW7wpKNCjG9DtNlClVuFLEZdDNbEs=
golang.org/x/sys v0.0.0-20210615035016-665e8c7367d1/go.mod h1:oPkhp1MJrh7nUepCBck5+mAzfO9JrbApNNgaTdGDITg=
golang.org/x/sys v0.0.0-20220520151302-bc2c85ada10a/go.mod h1:oPkhp1MJrh7nUepCBck5+mAzfO9JrbApNNgaTdGDITg=
golang.org/x/sys v0.0.0-20220722155257-8c9f86f7a55f/go.mod h1:oPkhp1MJrh7nUepCBck5+mAzfO9JrbApNNgaTdGDITg=
golang.org/x/sys v0.4.0/go.mod h1:oPkhp1MJrh7nUepCBck5+mAzfO9JrbApNNgaTdGDITg=
golang.org/x/sys v0.5.0 h1:MUK/U/4lj1t1oPg0HfuXDN/Z1wv31ZJ/YcPiGccS4DU=
golang.org/x/sys v0.5.0/go.mod h1:oPkhp1MJrh7nUepCBck5+mAzfO9JrbApNNgaTdGDITg=
golang.org/x/term v0.0.0-20201126162022-7de9c90e9dd1/go.mod h1:bj7SfCRtBDWHUb9snDiAeCFNEtKQo2Wmx5Cou7ajbmo=
golang.org/x/term v0.0.0-20210927222741-03fcf44c2211/go.mod h1:jbD1KX2456YbFQfuXm/mYQcufACuNUgVhRMnK/tPxf8=
golang.org/x/term v0.4.0/go.mod h1:9P2UbLfCdcvo3p/nzKvsmas4TnlujnuoV9hGgYzW1lQ=
golang.org/x/term v0.5.0/go.mod h1:jMB1sMXY+tzblOD4FWmEbocvup2/aLOaQEp7JmGp78k=
golang.org/x/text v0.0.0-20170530162606-4ee4af566555/go.mod h1:NqM8EUOU14njkJ3fqMW+pc6Ldnwhi/IjpwHt7yyuwOQ=
golang.org/x/text v0.3.0/go.mod h1:NqM8EUOU14njkJ3fqMW+pc6Ldnwhi/IjpwHt7yyuwOQ=
golang.org/x/text v0.3.2/go.mod h1:bEr9sfX3Q8Zfm5fL9x+3itogRgK3+ptLWKqgva+5dAk=
golang.org/x/text v0.3.3/go.mod h1:5Zoc/QRtKVWzQhOtBMvqHzDpF6irO9z98xDceosuGiQ=
golang.org/x/text v0.3.6/go.mod h1:5Zoc/QRtKVWzQhOtBMvqHzDpF6irO9z98xDceosuGiQ=
golang.org/x/text v0.3.7/go.mod h1:u+2+/6zg+i71rQMx5EYifcz6MCKuco9NR6JIITiCfzQ=
golang.org/x/text v0.6.0/go.mod h1:mrYo+phRRbMaCq/xk9113O4dZlRixOauAjOtrjsXDZ8=
golang.org/x/text v0.7.0/go.mod h1:mrYo+phRRbMaCq/xk9113O4dZlRixOauAjOtrjsXDZ8=
golang.org/x/text v0.9.0/go.mod h1:e1OnstbJyHTd6l/uOt8jFFHp6TRDWZR/bV3emEE/zU8=
golang.org/x/text v0.12.0/go.mod h1:TvPlkZtksWOMsz7fbANvkp4WM8x/WCo/om8BMLbz+aE=
golang.org/x/text v0.13.0/go.mod h1:TvPlkZtksWOMsz7fbANvkp4WM8x/WCo/om8BMLbz+aE=
golang.org/x/time v0.0.0-20191024005414-555d28b269f0/go.mod h1:tRJNPiyCQ0inRvYxbN9jk5I+vvW/OXSQhTDSoE431IQ=
golang.org/x/tools v0.0.0-20180917221912-90fa682c2a6e/go.mod h1:n7NCudcB/nEzxVGmLbDWY5pfWTLqBcC2KZ6jyYvM4mQ=
golang.org/x/tools v0.0.0-20191119224855-298f0cb1881e/go.mod h1:b+2E5dAYhXwXZwtnZ6UAqBI28+e2cm9otk0dWdXHAEo=
golang.org/x/tools v0.1.12/go.mod h1:hNGJHUnrk76NpqgfD5Aqm5Crs+Hm0VOH/i9J2+nxYbc=
golang.org/x/tools v0.6.0/go.mod h1:Xwgl3UAJ/d3gWutnCtw505GrjyAbvKui8lOU390QaIU=
golang.org/x/xerrors v0.0.0-20190717185122-a985d3407aa7/go.mod h1:I/5z698sn9Ka8TeJc9MKroUUfqBBauWjQqLJ2OPfmY0=
golang.org/x/xerrors v0.0.0-20191204190536-9bdfabe68543/go.mod h1:I/5z698sn9Ka8TeJc9MKroUUfqBBauWjQqLJ2OPfmY0=
gopkg.in/check.v1 v0.0.0-20161208181325-20d25e280405/go.mod h1:Co6ibVJAznAaIkqp8huTwlJQCZ016jof/cbN4VW5Yz0=
gopkg.in/yaml.v2 v2.0.0-20160928153709-a5b47d31c556/go.mod h1:JAlM8MvJe8wmxCU4Bli9HhUf9+ttbYbLASfIpnQbh74=
gopkg.in/yaml.v2 v2.2.2/go.mod h1:hI93XBmqTisBFMUTm0b8Fm+jr3Dg1NNxqwp+5A1VGuI=
gopkg.in/yaml.v2 v2.2.8 h1:obN1ZagJSUGI0Ek/LBmuj4SNLPfIny3KsKFopxRdj10=
gopkg.in/yaml.v2 v2.2.8/go.mod h1:hI93XBmqTisBFMUTm0b8Fm+jr3Dg1NNxqwp+5A1VGuI=
gopkg.in/yaml.v3 v3.0.0-20200313102051-9f266ea9e77c/go.mod h1:K4uyk7z7BCEPqu6E+C64Yfv1cQ7kz7rIZviUmN+EgEM=
lelux.net/x v0.0.0-20230507130254-6b0313b1b0e9 h1:CjkX6TJz6TUIfjGNKVSCqpt5DcuzjdXV2lWfGkXGxJc=
lelux.net/x v0.0.0-20230507130254-6b0313b1b0e9/go.mod h1:/diZRF2gLkt+9GQLY9XjZ2DdcdiEaVNumQ8kBl0meS0=
nhooyr.io/websocket v1.8.7/go.mod h1:B70DZP8IakI65RVQ51MsWP/8jndNma26DVA/nFSCgW0=
vimagination.zapto.org/byteio v1.0.0/go.mod h1:l8m3xQOVMUWs7Sjbd3s+yWt7JIoSBc/35Hxm1F/QiAw=
vimagination.zapto.org/byteio v1.0.5 h1:xPq92lCx3m5EahcEUADFQqslcdd8cpqbEbGlJlu0his=
vimagination.zapto.org/byteio v1.0.5/go.mod h1:wd40f4fNg/FXkhOlTeB5B2G8bSLrMH6YX6PDtq3cApo=
vimagination.zapto.org/limage v1.0.0 h1:5gAZdsu18Ax5r+vWChAAAZXYHfakmj2TdFpcsZZtN48=
vimagination.zapto.org/limage v1.0.0/go.mod h1:oX7Zw56ZHjHkup1d9p2uVjL/NSfPuS+luFzTsEWVT/w=
vimagination.zapto.org/memio v0.0.0-20200222190306-588ebc67b97d/go.mod h1:zHGDKp2tyvF4IAfLti4pKYqCJucXYmmKMb3UMrCHK/4=
vimagination.zapto.org/memio v1.0.0 h1:r0GDf430aNuGpOAV57UTvbUzAf82UclRyGG/pBp1uvU=
vimagination.zapto.org/memio v1.0.0/go.mod h1:zHGDKp2tyvF4IAfLti4pKYqCJucXYmmKMb3UMrCHK/4=
vimagination.zapto.org/parser v1.0.0/go.mod h1:WT+8/T+qTZDNVO5GcXv8pWSn7AIWakJZWMN1mL662WY=
vimagination.zapto.org/parser v1.0.2 h1:EVp5w4HmERKntuXFhJVVdmLanqXUBW/VyDUzUDY/rY0=
vimagination.zapto.org/parser v1.0.2/go.mod h1:/H483adsvbp1SLfB0xfFBVfh+mze11+FHwCijc0rpCc=
